{
    "_meta": {
        "hash": {
            "sha256": "a33bdb7957baf18f9fd288c8e8bd5aca6f7f66e68d20cf2344e0b9ebd5c5d3f2"
        },
        "pipfile-spec": 6,
        "requires": {
            "python_version": "3.6"
        },
        "sources": [
            {
                "name": "pypi",
                "url": "https://pypi.org/simple",
                "verify_ssl": true
            }
        ]
    },
    "default": {
        "selectolax": {
            "hashes": [
                "sha256:03b343b4773b405c4045db2755f12ba1d6d7eb7e8462f7cec6f79e882200f96e",
                "sha256:18106b5fb9720fea3751b01a8ba781b50f1392fd913453e737e11372b5678003",
                "sha256:1874f9ac53abdf092c99cae147ccc931aaf3497f25884ab82dbb122759ccb883",
                "sha256:2540c25422960cdf469612738ce285d30324cf5a12cae23a503b0ee9ab4e01e6",
                "sha256:289c29e46db5d3d459fb94a8f43bd255d842f484c49a2663a0f21c192a5b0c80",
                "sha256:37f6dfe2e482734538da61250b77513e83a5719f47a01d0e2cbee7cd20187ad3",
                "sha256:3c0064d3224fe893f6893b25388facecb44a47a96a424a18821bece33c837062",
                "sha256:47e9f943f82bfc3390df735a9d88700362019a213da5a256f4fce00d2179dd28",
                "sha256:73e8bcf5a157e70a7b00b41d2e03e06a52c62bbdf8a26c20f7616696110d683f",
                "sha256:7ea6295ded43d851479d4b518e66f633314c54a7c0861f1359665b341a0156fb",
                "sha256:bbd92c1deb48a4a6108fd0930a3996c89acb644ed4da354669ecc94aa2f47907",
                "sha256:c4a8e75553d6d6d8bef3481e5698c87a43312bf745bda485446ed77133106b4d",
                "sha256:d417ea7ff949388fabd7cd7666de003061d7643379874265a97ece2ef6c7800b",
                "sha256:d6016ca140447c118aa97413956fa418f7a24ea8a3435dc099d397ca214e9652",
                "sha256:dcf6adaf5d7bf767a2b088d9853006e7b6066dce944c224f6c417b9ccaa061fb",
                "sha256:f892244c90d426ae8cbb07d2cac16b8981ca08997bcf54c7b7f8578d02a19043"
            ],
            "index": "pypi",
            "version": "==0.2.1"
        },
        "warc3-wet": {
            "hashes": [
                "sha256:d43724f372edbbc7990b9c384a493fb60818c7c9ae629d8ec31c29cbbccd01b9",
                "sha256:f47ec2826806db6fe640c18b299e05678d8346f2a9a574ce698c53e49ac5b456"
            ],
            "index": "pypi",
            "version": "==0.2.3"
        }
    },
    "develop": {}
}
